# @generated - this file is auto-generated by `mise lock` https://mise.jdx.dev/dev-tools/mise-lock.html

lockfile_version = 2

[[tools.python]]
version = "3.11.16"
backend = "core:python"
specifiers = ["3.11"]

[tools.python."platforms.linux-arm64"]
checksum = "sha256:763dae20c6abe982de86ceb7829cc050c5bda79a9824846d106cc1c86d57701b"
url = "https://github.com/astral-sh/python-build-standalone/releases/download/20260924/cpython-3.11.16+20260924-aarch64-unknown-linux-gnu-install_only_stripped.tar.gz"
provenance = "github-attestations"

[tools.python."platforms.linux-arm64-musl"]
checksum = "sha256:611415f5bfde8d13af601b0bb405a237a36ae9ad52c6fd628db87fb549023f9d"
url = "https://github.com/astral-sh/python-build-standalone/releases/download/20260924/cpython-3.11.16+20260924-aarch64-unknown-linux-musl-install_only_stripped.tar.gz"
provenance = "github-attestations"

[tools.python."platforms.linux-x64"]
checksum = "blake3:2cf8551976359dea5670bf2c7ed7f21a2dff16187d494e7fc57fb4142d2f598a"
url = "https://github.com/astral-sh/python-build-standalone/releases/download/20260924/cpython-3.11.16+20260924-x86_64-unknown-linux-gnu-install_only_stripped.tar.gz"
provenance = "github-attestations"

[tools.python."platforms.linux-x64-musl"]
checksum = "sha256:a6119a818a1e3513e509a1be2b4e589f6f67f9ff7d18eb4da0777372f40b1ed7"
url = "https://github.com/astral-sh/python-build-standalone/releases/download/20260924/cpython-3.11.16+20260924-x86_64-unknown-linux-musl-install_only_stripped.tar.gz"
provenance = "github-attestations"

[tools.python."platforms.macos-arm64"]
checksum = "sha256:e1d745b07b6acc0641dbb3237d3c5953deeeed182141bab2242684076fd86547"
url = "https://github.com/astral-sh/python-build-standalone/releases/download/20260924/cpython-3.11.16+20260924-aarch64-apple-darwin-install_only_stripped.tar.gz"
provenance = "github-attestations"

[tools.python."platforms.macos-x64"]
checksum = "sha256:47d7e9f51487ecc328eea0c83206ff2e49dbf7200ac27732e74b92c997995310"
url = "https://github.com/astral-sh/python-build-standalone/releases/download/20260924/cpython-3.11.16+20260924-x86_64-apple-darwin-install_only_stripped.tar.gz"
provenance = "github-attestations"

[tools.python."platforms.windows-x64"]
checksum = "sha256:f86b3cbd425e1c446b56aa24e20a7be1223c1a8146e5e3a68c8e18d08b76e810"
url = "https://github.com/astral-sh/python-build-standalone/releases/download/20260924/cpython-3.11.16+20260924-x86_64-pc-windows-msvc-install_only_stripped.tar.gz"
provenance = "github-attestations"
